
Microsoft Visual Studio Solution File, Format Version 12.00
# Visual Studio Version 17
VisualStudioVersion = 17.4.33205.214
MinimumVisualStudioVersion = 10.0.40219.1
Project("{2150E333-8FDC-42A3-9474-1A3956D46DE8}") = "Doc", "Doc", "{F826C2B5-260E-49E5-A59D-D4C53ED2597E}"
EndProject
Project("{2150E333-8FDC-42A3-9474-1A3956D46DE8}") = "Src", "Src", "{93FB2EEF-5968-4F49-8D65-BC0D19000560}"
EndProject
Project("{2150E333-8FDC-42A3-9474-1A3956D46DE8}") = "Test", "Test", "{E37EBFA0-EBDB-425E-85F5-EA764D4E8637}"
EndProject
Project("{2150E333-8FDC-42A3-9474-1A3956D46DE8}") = "Common", "Common", "{39C2E1B2-DB63-4047-A2BC-193FF88A09B3}"
EndProject
Project("{2150E333-8FDC-42A3-9474-1A3956D46DE8}") = "Core", "Core", "{F5D7B1BB-BBFB-4E87-8740-406201C81EE3}"
EndProject
Project("{2150E333-8FDC-42A3-9474-1A3956D46DE8}") = "Infrastructure", "Infrastructure", "{36FFC513-B787-4986-BF0B-16A4B28AA876}"
EndProject
Project("{2150E333-8FDC-42A3-9474-1A3956D46DE8}") = "Presentaion", "Presentaion", "{5CCD020C-0924-49DA-B78B-85CD07284C2E}"
EndProject
Project("{FAE04EC0-301F-11D3-BF4B-00C04F79EFBC}") = "Common", "Common\Common.csproj", "{EC3AD11F-535F-454A-ACFB-9CDD545E9676}"
EndProject
Project("{FAE04EC0-301F-11D3-BF4B-00C04F79EFBC}") = "Application", "Application\Application.csproj", "{60B340B3-0050-41E2-9285-F73F8D2E310F}"
EndProject
Project("{FAE04EC0-301F-11D3-BF4B-00C04F79EFBC}") = "Domain", "Domain\Domain.csproj", "{DD90C97C-7B1B-49CA-89DA-A6A38B202559}"
EndProject
Project("{FAE04EC0-301F-11D3-BF4B-00C04F79EFBC}") = "Infrastructure", "Infrastructure\Infrastructure.csproj", "{13CA037F-CCF6-4026-B349-F4BB3085D336}"
EndProject
Project("{FAE04EC0-301F-11D3-BF4B-00C04F79EFBC}") = "Persistence", "Persistence\Persistence.csproj", "{77AFB9DD-F14B-4B3C-BBA6-E3ABABDF4FF9}"
EndProject
Project("{2150E333-8FDC-42A3-9474-1A3956D46DE8}") = "Site", "Site", "{460C2309-0D0F-46AD-B9A9-C2808417F824}"
EndProject
Project("{2150E333-8FDC-42A3-9474-1A3956D46DE8}") = "Admin", "Admin", "{716CFCCD-4EB6-4FB8-AFC8-C42B73EAA83C}"
EndProject
Project("{FAE04EC0-301F-11D3-BF4B-00C04F79EFBC}") = "EndPoint.Admin.Server", "EndPoint.Admin\Server\EndPoint.Admin.Server.csproj", "{B3B5E05E-396A-41BF-9C27-F5CACBB47F65}"
EndProject
Project("{FAE04EC0-301F-11D3-BF4B-00C04F79EFBC}") = "EndPoint.Admin.Client", "EndPoint.Admin\Client\EndPoint.Admin.Client.csproj", "{7D752623-D54B-4A97-96C5-1FE17B4A8A8D}"
EndProject
Project("{FAE04EC0-301F-11D3-BF4B-00C04F79EFBC}") = "EndPoint.Admin.Shared", "EndPoint.Admin\Shared\EndPoint.Admin.Shared.csproj", "{D3F3D160-1D4C-411A-AFD6-B5BB716B74B3}"
EndProject
Global
	GlobalSection(SolutionConfigurationPlatforms) = preSolution
		Debug|Any CPU = Debug|Any CPU
		Release|Any CPU = Release|Any CPU
	EndGlobalSection
	GlobalSection(ProjectConfigurationPlatforms) = postSolution
		{EC3AD11F-535F-454A-ACFB-9CDD545E9676}.Debug|Any CPU.ActiveCfg = Debug|Any CPU
		{EC3AD11F-535F-454A-ACFB-9CDD545E9676}.Debug|Any CPU.Build.0 = Debug|Any CPU
		{EC3AD11F-535F-454A-ACFB-9CDD545E9676}.Release|Any CPU.ActiveCfg = Release|Any CPU
		{EC3AD11F-535F-454A-ACFB-9CDD545E9676}.Release|Any CPU.Build.0 = Release|Any CPU
		{60B340B3-0050-41E2-9285-F73F8D2E310F}.Debug|Any CPU.ActiveCfg = Debug|Any CPU
		{60B340B3-0050-41E2-9285-F73F8D2E310F}.Debug|Any CPU.Build.0 = Debug|Any CPU
		{60B340B3-0050-41E2-9285-F73F8D2E310F}.Release|Any CPU.ActiveCfg = Release|Any CPU
		{60B340B3-0050-41E2-9285-F73F8D2E310F}.Release|Any CPU.Build.0 = Release|Any CPU
		{DD90C97C-7B1B-49CA-89DA-A6A38B202559}.Debug|Any CPU.ActiveCfg = Debug|Any CPU
		{DD90C97C-7B1B-49CA-89DA-A6A38B202559}.Debug|Any CPU.Build.0 = Debug|Any CPU
		{DD90C97C-7B1B-49CA-89DA-A6A38B202559}.Release|Any CPU.ActiveCfg = Release|Any CPU
		{DD90C97C-7B1B-49CA-89DA-A6A38B202559}.Release|Any CPU.Build.0 = Release|Any CPU
		{13CA037F-CCF6-4026-B349-F4BB3085D336}.Debug|Any CPU.ActiveCfg = Debug|Any CPU
		{13CA037F-CCF6-4026-B349-F4BB3085D336}.Debug|Any CPU.Build.0 = Debug|Any CPU
		{13CA037F-CCF6-4026-B349-F4BB3085D336}.Release|Any CPU.ActiveCfg = Release|Any CPU
		{13CA037F-CCF6-4026-B349-F4BB3085D336}.Release|Any CPU.Build.0 = Release|Any CPU
		{77AFB9DD-F14B-4B3C-BBA6-E3ABABDF4FF9}.Debug|Any CPU.ActiveCfg = Debug|Any CPU
		{77AFB9DD-F14B-4B3C-BBA6-E3ABABDF4FF9}.Debug|Any CPU.Build.0 = Debug|Any CPU
		{77AFB9DD-F14B-4B3C-BBA6-E3ABABDF4FF9}.Release|Any CPU.ActiveCfg = Release|Any CPU
		{77AFB9DD-F14B-4B3C-BBA6-E3ABABDF4FF9}.Release|Any CPU.Build.0 = Release|Any CPU
		{B3B5E05E-396A-41BF-9C27-F5CACBB47F65}.Debug|Any CPU.ActiveCfg = Debug|Any CPU
		{B3B5E05E-396A-41BF-9C27-F5CACBB47F65}.Debug|Any CPU.Build.0 = Debug|Any CPU
		{B3B5E05E-396A-41BF-9C27-F5CACBB47F65}.Release|Any CPU.ActiveCfg = Release|Any CPU
		{B3B5E05E-396A-41BF-9C27-F5CACBB47F65}.Release|Any CPU.Build.0 = Release|Any CPU
		{7D752623-D54B-4A97-96C5-1FE17B4A8A8D}.Debug|Any CPU.ActiveCfg = Debug|Any CPU
		{7D752623-D54B-4A97-96C5-1FE17B4A8A8D}.Debug|Any CPU.Build.0 = Debug|Any CPU
		{7D752623-D54B-4A97-96C5-1FE17B4A8A8D}.Release|Any CPU.ActiveCfg = Release|Any CPU
		{7D752623-D54B-4A97-96C5-1FE17B4A8A8D}.Release|Any CPU.Build.0 = Release|Any CPU
		{D3F3D160-1D4C-411A-AFD6-B5BB716B74B3}.Debug|Any CPU.ActiveCfg = Debug|Any CPU
		{D3F3D160-1D4C-411A-AFD6-B5BB716B74B3}.Debug|Any CPU.Build.0 = Debug|Any CPU
		{D3F3D160-1D4C-411A-AFD6-B5BB716B74B3}.Release|Any CPU.ActiveCfg = Release|Any CPU
		{D3F3D160-1D4C-411A-AFD6-B5BB716B74B3}.Release|Any CPU.Build.0 = Release|Any CPU
	EndGlobalSection
	GlobalSection(SolutionProperties) = preSolution
		HideSolutionNode = FALSE
	EndGlobalSection
	GlobalSection(NestedProjects) = preSolution
		{39C2E1B2-DB63-4047-A2BC-193FF88A09B3} = {93FB2EEF-5968-4F49-8D65-BC0D19000560}
		{F5D7B1BB-BBFB-4E87-8740-406201C81EE3} = {93FB2EEF-5968-4F49-8D65-BC0D19000560}
		{36FFC513-B787-4986-BF0B-16A4B28AA876} = {93FB2EEF-5968-4F49-8D65-BC0D19000560}
		{5CCD020C-0924-49DA-B78B-85CD07284C2E} = {93FB2EEF-5968-4F49-8D65-BC0D19000560}
		{EC3AD11F-535F-454A-ACFB-9CDD545E9676} = {39C2E1B2-DB63-4047-A2BC-193FF88A09B3}
		{60B340B3-0050-41E2-9285-F73F8D2E310F} = {F5D7B1BB-BBFB-4E87-8740-406201C81EE3}
		{DD90C97C-7B1B-49CA-89DA-A6A38B202559} = {F5D7B1BB-BBFB-4E87-8740-406201C81EE3}
		{13CA037F-CCF6-4026-B349-F4BB3085D336} = {36FFC513-B787-4986-BF0B-16A4B28AA876}
		{77AFB9DD-F14B-4B3C-BBA6-E3ABABDF4FF9} = {36FFC513-B787-4986-BF0B-16A4B28AA876}
		{460C2309-0D0F-46AD-B9A9-C2808417F824} = {5CCD020C-0924-49DA-B78B-85CD07284C2E}
		{716CFCCD-4EB6-4FB8-AFC8-C42B73EAA83C} = {5CCD020C-0924-49DA-B78B-85CD07284C2E}
		{B3B5E05E-396A-41BF-9C27-F5CACBB47F65} = {716CFCCD-4EB6-4FB8-AFC8-C42B73EAA83C}
		{7D752623-D54B-4A97-96C5-1FE17B4A8A8D} = {716CFCCD-4EB6-4FB8-AFC8-C42B73EAA83C}
		{D3F3D160-1D4C-411A-AFD6-B5BB716B74B3} = {716CFCCD-4EB6-4FB8-AFC8-C42B73EAA83C}
	EndGlobalSection
	GlobalSection(ExtensibilityGlobals) = postSolution
		SolutionGuid = {E08D63BF-A507-461E-8CA7-078C5FF6328C}
	EndGlobalSection
EndGlobal
